
Microsoft Visual Studio Solution File, Format Version 12.00
# Visual Studio 15
VisualStudioVersion = 15.0.28010.2003
MinimumVisualStudioVersion = 10.0.40219.1
Project("{FAE04EC0-301F-11D3-BF4B-00C04F79EFBC}") = "assinkronFile", "assinkronFile\assinkronFile.csproj", "{C175F55E-007E-407B-83D2-3834DFBB4412}"
EndProject
Global
	GlobalSection(SolutionConfigurationPlatforms) = preSolution
		Debug|Any CPU = Debug|Any CPU
		Release|Any CPU = Release|Any CPU
	EndGlobalSection
	GlobalSection(ProjectConfigurationPlatforms) = postSolution
		{C175F55E-007E-407B-83D2-3834DFBB4412}.Debug|Any CPU.ActiveCfg = Debug|Any CPU
		{C175F55E-007E-407B-83D2-3834DFBB4412}.Debug|Any CPU.Build.0 = Debug|Any CPU
		{C175F55E-007E-407B-83D2-3834DFBB4412}.Release|Any CPU.ActiveCfg = Release|Any CPU
		{C175F55E-007E-407B-83D2-3834DFBB4412}.Release|Any CPU.Build.0 = Release|Any CPU
	EndGlobalSection
	GlobalSection(SolutionProperties) = preSolution
		HideSolutionNode = FALSE
	EndGlobalSection
	GlobalSection(ExtensibilityGlobals) = postSolution
		SolutionGuid = {09499338-1A3A-43A7-86BE-6ABA2B66FF6F}
	EndGlobalSection
EndGlobal
